
Microsoft Visual Studio Solution File, Format Version 11.00
# Visual Studio 2010
Project("{FAE04EC0-301F-11D3-BF4B-00C04F79EFBC}") = "SrsSoftDevelopmentAssessment.Part1", "SrsSoftDevelopmentAssessment.Part1\SrsSoftDevelopmentAssessment.Part1.csproj", "{E3081A63-A43D-4583-9459-8F27B07C973B}"
EndProject
Project("{FAE04EC0-301F-11D3-BF4B-00C04F79EFBC}") = "SrsSoftDevelopmentAssessment.Part2", "SrsSoftDevelopmentAssessment.Part2\SrsSoftDevelopmentAssessment.Part2.csproj", "{DEA5DDDE-FECC-4C49-A511-7CC1B2DAB3CA}"
EndProject
Global
	GlobalSection(SolutionConfigurationPlatforms) = preSolution
		Debug|Any CPU = Debug|Any CPU
		Debug|Mixed Platforms = Debug|Mixed Platforms
		Debug|x86 = Debug|x86
		Release|Any CPU = Release|Any CPU
		Release|Mixed Platforms = Release|Mixed Platforms
		Release|x86 = Release|x86
	EndGlobalSection
	GlobalSection(ProjectConfigurationPlatforms) = postSolution
		{E3081A63-A43D-4583-9459-8F27B07C973B}.Debug|Any CPU.ActiveCfg = Debug|Any CPU
		{E3081A63-A43D-4583-9459-8F27B07C973B}.Debug|Any CPU.Build.0 = Debug|Any CPU
		{E3081A63-A43D-4583-9459-8F27B07C973B}.Debug|Mixed Platforms.ActiveCfg = Debug|Any CPU
		{E3081A63-A43D-4583-9459-8F27B07C973B}.Debug|Mixed Platforms.Build.0 = Debug|Any CPU
		{E3081A63-A43D-4583-9459-8F27B07C973B}.Debug|x86.ActiveCfg = Debug|Any CPU
		{E3081A63-A43D-4583-9459-8F27B07C973B}.Release|Any CPU.ActiveCfg = Release|Any CPU
		{E3081A63-A43D-4583-9459-8F27B07C973B}.Release|Any CPU.Build.0 = Release|Any CPU
		{E3081A63-A43D-4583-9459-8F27B07C973B}.Release|Mixed Platforms.ActiveCfg = Release|Any CPU
		{E3081A63-A43D-4583-9459-8F27B07C973B}.Release|Mixed Platforms.Build.0 = Release|Any CPU
		{E3081A63-A43D-4583-9459-8F27B07C973B}.Release|x86.ActiveCfg = Release|Any CPU
		{DEA5DDDE-FECC-4C49-A511-7CC1B2DAB3CA}.Debug|Any CPU.ActiveCfg = Debug|x86
		{DEA5DDDE-FECC-4C49-A511-7CC1B2DAB3CA}.Debug|Mixed Platforms.ActiveCfg = Debug|x86
		{DEA5DDDE-FECC-4C49-A511-7CC1B2DAB3CA}.Debug|Mixed Platforms.Build.0 = Debug|x86
		{DEA5DDDE-FECC-4C49-A511-7CC1B2DAB3CA}.Debug|x86.ActiveCfg = Debug|x86
		{DEA5DDDE-FECC-4C49-A511-7CC1B2DAB3CA}.Debug|x86.Build.0 = Debug|x86
		{DEA5DDDE-FECC-4C49-A511-7CC1B2DAB3CA}.Release|Any CPU.ActiveCfg = Release|x86
		{DEA5DDDE-FECC-4C49-A511-7CC1B2DAB3CA}.Release|Mixed Platforms.ActiveCfg = Release|x86
		{DEA5DDDE-FECC-4C49-A511-7CC1B2DAB3CA}.Release|Mixed Platforms.Build.0 = Release|x86
		{DEA5DDDE-FECC-4C49-A511-7CC1B2DAB3CA}.Release|x86.ActiveCfg = Release|x86
		{DEA5DDDE-FECC-4C49-A511-7CC1B2DAB3CA}.Release|x86.Build.0 = Release|x86
	EndGlobalSection
	GlobalSection(SolutionProperties) = preSolution
		HideSolutionNode = FALSE
	EndGlobalSection
EndGlobal
